// !$*UTF8*$!
{
	archiveVersion = 1;
	classes = {
	};
	objectVersion = 56;
	objects = {

/* Begin PBXBuildFile section */
		04F335892AE6CFB600162FE7 /* SwiftUI_wearherApp.swift in Sources */ = {isa = PBXBuildFile; fileRef = 04F335882AE6CFB600162FE7 /* SwiftUI_wearherApp.swift */; };
		04F3358B2AE6CFB600162FE7 /* ContentView.swift in Sources */ = {isa = PBXBuildFile; fileRef = 04F3358A2AE6CFB600162FE7 /* ContentView.swift */; };
		04F3358D2AE6CFB700162FE7 /* Assets.xcassets in Resources */ = {isa = PBXBuildFile; fileRef = 04F3358C2AE6CFB700162FE7 /* Assets.xcassets */; };
		04F335902AE6CFB700162FE7 /* Preview Assets.xcassets in Resources */ = {isa = PBXBuildFile; fileRef = 04F3358F2AE6CFB700162FE7 /* Preview Assets.xcassets */; };
		04F3359A2AE6CFB700162FE7 /* SwiftUI_wearherTests.swift in Sources */ = {isa = PBXBuildFile; fileRef = 04F335992AE6CFB700162FE7 /* SwiftUI_wearherTests.swift */; };
		04F335A42AE6CFB700162FE7 /* SwiftUI_wearherUITests.swift in Sources */ = {isa = PBXBuildFile; fileRef = 04F335A32AE6CFB700162FE7 /* SwiftUI_wearherUITests.swift */; };
		04F335A62AE6CFB700162FE7 /* SwiftUI_wearherUITestsLaunchTests.swift in Sources */ = {isa = PBXBuildFile; fileRef = 04F335A52AE6CFB700162FE7 /* SwiftUI_wearherUITestsLaunchTests.swift */; };
/* End PBXBuildFile section */

/* Begin PBXContainerItemProxy section */
		04F335962AE6CFB700162FE7 /* PBXContainerItemProxy */ = {
			isa = PBXContainerItemProxy;
			containerPortal = 04F3357D2AE6CFB600162FE7 /* Project object */;
			proxyType = 1;
			remoteGlobalIDString = 04F335842AE6CFB600162FE7;
			remoteInfo = "SwiftUI-wearher";
		};
		04F335A02AE6CFB700162FE7 /* PBXContainerItemProxy */ = {
			isa = PBXContainerItemProxy;
			containerPortal = 04F3357D2AE6CFB600162FE7 /* Project object */;
			proxyType = 1;
			remoteGlobalIDString = 04F335842AE6CFB600162FE7;
			remoteInfo = "SwiftUI-wearher";
		};
/* End PBXContainerItemProxy section */

/* Begin PBXFileReference section */
		04F335852AE6CFB600162FE7 /* SwiftUI-wearher.app */ = {isa = PBXFileReference; explicitFileType = wrapper.application; includeInIndex = 0; path = "SwiftUI-wearher.app"; sourceTree = BUILT_PRODUCTS_DIR; };
		04F335882AE6CFB600162FE7 /* SwiftUI_wearherApp.swift */ = {isa = PBXFileReference; lastKnownFileType = sourcecode.swift; path = SwiftUI_wearherApp.swift; sourceTree = "<group>"; };
		04F3358A2AE6CFB600162FE7 /* ContentView.swift */ = {isa = PBXFileReference; lastKnownFileType = sourcecode.swift; path = ContentView.swift; sourceTree = "<group>"; };
		04F3358C2AE6CFB700162FE7 /* Assets.xcassets */ = {isa = PBXFileReference; lastKnownFileType = folder.assetcatalog; path = Assets.xcassets; sourceTree = "<group>"; };
		04F3358F2AE6CFB700162FE7 /* Preview Assets.xcassets */ = {isa = PBXFileReference; lastKnownFileType = folder.assetcatalog; path = "Preview Assets.xcassets"; sourceTree = "<group>"; };
		04F335952AE6CFB700162FE7 /* SwiftUI-wearherTests.xctest */ = {isa = PBXFileReference; explicitFileType = wrapper.cfbundle; includeInIndex = 0; path = "SwiftUI-wearherTests.xctest"; sourceTree = BUILT_PRODUCTS_DIR; };
		04F335992AE6CFB700162FE7 /* SwiftUI_wearherTests.swift */ = {isa = PBXFileReference; lastKnownFileType = sourcecode.swift; path = SwiftUI_wearherTests.swift; sourceTree = "<group>"; };
		04F3359F2AE6CFB700162FE7 /* SwiftUI-wearherUITests.xctest */ = {isa = PBXFileReference; explicitFileType = wrapper.cfbundle; includeInIndex = 0; path = "SwiftUI-wearherUITests.xctest"; sourceTree = BUILT_PRODUCTS_DIR; };
		04F335A32AE6CFB700162FE7 /* SwiftUI_wearherUITests.swift */ = {isa = PBXFileReference; lastKnownFileType = sourcecode.swift; path = SwiftUI_wearherUITests.swift; sourceTree = "<group>"; };
		04F335A52AE6CFB700162FE7 /* SwiftUI_wearherUITestsLaunchTests.swift */ = {isa = PBXFileReference; lastKnownFileType = sourcecode.swift; path = SwiftUI_wearherUITestsLaunchTests.swift; sourceTree = "<group>"; };
/* End PBXFileReference section */

/* Begin PBXFrameworksBuildPhase section */
		04F335822AE6CFB600162FE7 /* Frameworks */ = {
			isa = PBXFrameworksBuildPhase;
			buildActionMask = 2147483647;
			files = (
			);
			runOnlyForDeploymentPostprocessing = 0;
		};
		04F335922AE6CFB700162FE7 /* Frameworks */ = {
			isa = PBXFrameworksBuildPhase;
			buildActionMask = 2147483647;
			files = (
			);
			runOnlyForDeploymentPostprocessing = 0;
		};
		04F3359C2AE6CFB700162FE7 /* Frameworks */ = {
			isa = PBXFrameworksBuildPhase;
			buildActionMask = 2147483647;
			files = (
			);
			runOnlyForDeploymentPostprocessing = 0;
		};
/* End PBXFrameworksBuildPhase section */

/* Begin PBXGroup section */
		04F3357C2AE6CFB600162FE7 = {
			isa = PBXGroup;
			children = (
				04F335872AE6CFB600162FE7 /* SwiftUI-wearher */,
				04F335982AE6CFB700162FE7 /* SwiftUI-wearherTests */,
				04F335A22AE6CFB700162FE7 /* SwiftUI-wearherUITests */,
				04F335862AE6CFB600162FE7 /* Products */,
			);
			sourceTree = "<group>";
		};
		04F335862AE6CFB600162FE7 /* Products */ = {
			isa = PBXGroup;
			children = (
				04F335852AE6CFB600162FE7 /* SwiftUI-wearher.app */,
				04F335952AE6CFB700162FE7 /* SwiftUI-wearherTests.xctest */,
				04F3359F2AE6CFB700162FE7 /* SwiftUI-wearherUITests.xctest */,
			);
			name = Products;
			sourceTree = "<group>";
		};
		04F335872AE6CFB600162FE7 /* SwiftUI-wearher */ = {
			isa = PBXGroup;
			children = (
				04F335882AE6CFB600162FE7 /* SwiftUI_wearherApp.swift */,
				04F3358A2AE6CFB600162FE7 /* ContentView.swift */,
				04F3358C2AE6CFB700162FE7 /* Assets.xcassets */,
				04F3358E2AE6CFB700162FE7 /* Preview Content */,
			);
			path = "SwiftUI-wearher";
			sourceTree = "<group>";
		};
		04F3358E2AE6CFB700162FE7 /* Preview Content */ = {
			isa = PBXGroup;
			children = (
				04F3358F2AE6CFB700162FE7 /* Preview Assets.xcassets */,
			);
			path = "Preview Content";
			sourceTree = "<group>";
		};
		04F335982AE6CFB700162FE7 /* SwiftUI-wearherTests */ = {
			isa = PBXGroup;
			children = (
				04F335992AE6CFB700162FE7 /* SwiftUI_wearherTests.swift */,
			);
			path = "SwiftUI-wearherTests";
			sourceTree = "<group>";
		};
		04F335A22AE6CFB700162FE7 /* SwiftUI-wearherUITests */ = {
			isa = PBXGroup;
			children = (
				04F335A32AE6CFB700162FE7 /* SwiftUI_wearherUITests.swift */,
				04F335A52AE6CFB700162FE7 /* SwiftUI_wearherUITestsLaunchTests.swift */,
			);
			path = "SwiftUI-wearherUITests";
			sourceTree = "<group>";
		};
/* End PBXGroup section */

/* Begin PBXNativeTarget section */
		04F335842AE6CFB600162FE7 /* SwiftUI-wearher */ = {
			isa = PBXNativeTarget;
			buildConfigurationList = 04F335A92AE6CFB700162FE7 /* Build configuration list for PBXNativeTarget "SwiftUI-wearher" */;
			buildPhases = (
				04F335812AE6CFB600162FE7 /* Sources */,
				04F335822AE6CFB600162FE7 /* Frameworks */,
				04F335832AE6CFB600162FE7 /* Resources */,
			);
			buildRules = (
			);
			dependencies = (
			);
			name = "SwiftUI-wearher";
			productName = "SwiftUI-wearher";
			productReference = 04F335852AE6CFB600162FE7 /* SwiftUI-wearher.app */;
			productType = "com.apple.product-type.application";
		};
		04F335942AE6CFB700162FE7 /* SwiftUI-wearherTests */ = {
			isa = PBXNativeTarget;
			buildConfigurationList = 04F335AC2AE6CFB700162FE7 /* Build configuration list for PBXNativeTarget "SwiftUI-wearherTests" */;
			buildPhases = (
				04F335912AE6CFB700162FE7 /* Sources */,
				04F335922AE6CFB700162FE7 /* Frameworks */,
				04F335932AE6CFB700162FE7 /* Resources */,
			);
			buildRules = (
			);
			dependencies = (
				04F335972AE6CFB700162FE7 /* PBXTargetDependency */,
			);
			name = "SwiftUI-wearherTests";
			productName = "SwiftUI-wearherTests";
			productReference = 04F335952AE6CFB700162FE7 /* SwiftUI-wearherTests.xctest */;
			productType = "com.apple.product-type.bundle.unit-test";
		};
		04F3359E2AE6CFB700162FE7 /* SwiftUI-wearherUITests */ = {
			isa = PBXNativeTarget;
			buildConfigurationList = 04F335AF2AE6CFB700162FE7 /* Build configuration list for PBXNativeTarget "SwiftUI-wearherUITests" */;
			buildPhases = (
				04F3359B2AE6CFB700162FE7 /* Sources */,
				04F3359C2AE6CFB700162FE7 /* Frameworks */,
				04F3359D2AE6CFB700162FE7 /* Resources */,
			);
			buildRules = (
			);
			dependencies = (
				04F335A12AE6CFB700162FE7 /* PBXTargetDependency */,
			);
			name = "SwiftUI-wearherUITests";
			productName = "SwiftUI-wearherUITests";
			productReference = 04F3359F2AE6CFB700162FE7 /* SwiftUI-wearherUITests.xctest */;
			productType = "com.apple.product-type.bundle.ui-testing";
		};
/* End PBXNativeTarget section */

/* Begin PBXProject section */
		04F3357D2AE6CFB600162FE7 /* Project object */ = {
			isa = PBXProject;
			attributes = {
				BuildIndependentTargetsInParallel = 1;
				LastSwiftUpdateCheck = 1500;
				LastUpgradeCheck = 1500;
				TargetAttributes = {
					04F335842AE6CFB600162FE7 = {
						CreatedOnToolsVersion = 15.0;
					};
					04F335942AE6CFB700162FE7 = {
						CreatedOnToolsVersion = 15.0;
						TestTargetID = 04F335842AE6CFB600162FE7;
					};
					04F3359E2AE6CFB700162FE7 = {
						CreatedOnToolsVersion = 15.0;
						TestTargetID = 04F335842AE6CFB600162FE7;
					};
				};
			};
			buildConfigurationList = 04F335802AE6CFB600162FE7 /* Build configuration list for PBXProject "SwiftUI-wearher" */;
			compatibilityVersion = "Xcode 14.0";
			developmentRegion = en;
			hasScannedForEncodings = 0;
			knownRegions = (
				en,
				Base,
			);
			mainGroup = 04F3357C2AE6CFB600162FE7;
			productRefGroup = 04F335862AE6CFB600162FE7 /* Products */;
			projectDirPath = "";
			projectRoot = "";
			targets = (
				04F335842AE6CFB600162FE7 /* SwiftUI-wearher */,
				04F335942AE6CFB700162FE7 /* SwiftUI-wearherTests */,
				04F3359E2AE6CFB700162FE7 /* SwiftUI-wearherUITests */,
			);
		};
/* End PBXProject section */

/* Begin PBXResourcesBuildPhase section */
		04F335832AE6CFB600162FE7 /* Resources */ = {
			isa = PBXResourcesBuildPhase;
			buildActionMask = 2147483647;
			files = (
				04F335902AE6CFB700162FE7 /* Preview Assets.xcassets in Resources */,
				04F3358D2AE6CFB700162FE7 /* Assets.xcassets in Resources */,
			);
			runOnlyForDeploymentPostprocessing = 0;
		};
		04F335932AE6CFB700162FE7 /* Resources */ = {
			isa = PBXResourcesBuildPhase;
			buildActionMask = 2147483647;
			files = (
			);
			runOnlyForDeploymentPostprocessing = 0;
		};
		04F3359D2AE6CFB700162FE7 /* Resources */ = {
			isa = PBXResourcesBuildPhase;
			buildActionMask = 2147483647;
			files = (
			);
			runOnlyForDeploymentPostprocessing = 0;
		};
/* End PBXResourcesBuildPhase section */

/* Begin PBXSourcesBuildPhase section */
		04F335812AE6CFB600162FE7 /* Sources */ = {
			isa = PBXSourcesBuildPhase;
			buildActionMask = 2147483647;
			files = (
				04F3358B2AE6CFB600162FE7 /* ContentView.swift in Sources */,
				04F335892AE6CFB600162FE7 /* SwiftUI_wearherApp.swift in Sources */,
			);
			runOnlyForDeploymentPostprocessing = 0;
		};
		04F335912AE6CFB700162FE7 /* Sources */ = {
			isa = PBXSourcesBuildPhase;
			buildActionMask = 2147483647;
			files = (
				04F3359A2AE6CFB700162FE7 /* SwiftUI_wearherTests.swift in Sources */,
			);
			runOnlyForDeploymentPostprocessing = 0;
		};
		04F3359B2AE6CFB700162FE7 /* Sources */ = {
			isa = PBXSourcesBuildPhase;
			buildActionMask = 2147483647;
			files = (
				04F335A42AE6CFB700162FE7 /* SwiftUI_wearherUITests.swift in Sources */,
				04F335A62AE6CFB700162FE7 /* SwiftUI_wearherUITestsLaunchTests.swift in Sources */,
			);
			runOnlyForDeploymentPostprocessing = 0;
		};
/* End PBXSourcesBuildPhase section */

/* Begin PBXTargetDependency section */
		04F335972AE6CFB700162FE7 /* PBXTargetDependency */ = {
			isa = PBXTargetDependency;
			target = 04F335842AE6CFB600162FE7 /* SwiftUI-wearher */;
			targetProxy = 04F335962AE6CFB700162FE7 /* PBXContainerItemProxy */;
		};
		04F335A12AE6CFB700162FE7 /* PBXTargetDependency */ = {
			isa = PBXTargetDependency;
			target = 04F335842AE6CFB600162FE7 /* SwiftUI-wearher */;
			targetProxy = 04F335A02AE6CFB700162FE7 /* PBXContainerItemProxy */;
		};
/* End PBXTargetDependency section */

/* Begin XCBuildConfiguration section */
		04F335A72AE6CFB700162FE7 /* Debug */ = {
			isa = XCBuildConfiguration;
			buildSettings = {
				ALWAYS_SEARCH_USER_PATHS = NO;
				ASSETCATALOG_COMPILER_GENERATE_SWIFT_ASSET_SYMBOL_EXTENSIONS = YES;
				CLANG_ANALYZER_NONNULL = YES;
				CLANG_ANALYZER_NUMBER_OBJECT_CONVERSION = YES_AGGRESSIVE;
				CLANG_CXX_LANGUAGE_STANDARD = "gnu++20";
				CLANG_ENABLE_MODULES = YES;
				CLANG_ENABLE_OBJC_ARC = YES;
				CLANG_ENABLE_OBJC_WEAK = YES;
				CLANG_WARN_BLOCK_CAPTURE_AUTORELEASING = YES;
				CLANG_WARN_BOOL_CONVERSION = YES;
				CLANG_WARN_COMMA = YES;
				CLANG_WARN_CONSTANT_CONVERSION = YES;
				CLANG_WARN_DEPRECATED_OBJC_IMPLEMENTATIONS = YES;
				CLANG_WARN_DIRECT_OBJC_ISA_USAGE = YES_ERROR;
				CLANG_WARN_DOCUMENTATION_COMMENTS = YES;
				CLANG_WARN_EMPTY_BODY = YES;
				CLANG_WARN_ENUM_CONVERSION = YES;
				CLANG_WARN_INFINITE_RECURSION = YES;
				CLANG_WARN_INT_CONVERSION = YES;
				CLANG_WARN_NON_LITERAL_NULL_CONVERSION = YES;
				CLANG_WARN_OBJC_IMPLICIT_RETAIN_SELF = YES;
				CLANG_WARN_OBJC_LITERAL_CONVERSION = YES;
				CLANG_WARN_OBJC_ROOT_CLASS = YES_ERROR;
				CLANG_WARN_QUOTED_INCLUDE_IN_FRAMEWORK_HEADER = YES;
				CLANG_WARN_RANGE_LOOP_ANALYSIS = YES;
				CLANG_WARN_STRICT_PROTOTYPES = YES;
				CLANG_WARN_SUSPICIOUS_MOVE = YES;
				CLANG_WARN_UNGUARDED_AVAILABILITY = YES_AGGRESSIVE;
				CLANG_WARN_UNREACHABLE_CODE = YES;
				CLANG_WARN__DUPLICATE_METHOD_MATCH = YES;
				COPY_PHASE_STRIP = NO;
				DEBUG_INFORMATION_FORMAT = dwarf;
				ENABLE_STRICT_OBJC_MSGSEND = YES;
				ENABLE_TESTABILITY = YES;
				ENABLE_USER_SCRIPT_SANDBOXING = YES;
				GCC_C_LANGUAGE_STANDARD = gnu17;
				GCC_DYNAMIC_NO_PIC = NO;
				GCC_NO_COMMON_BLOCKS = YES;
				GCC_OPTIMIZATION_LEVEL = 0;
				GCC_PREPROCESSOR_DEFINITIONS = (
					"DEBUG=1",
					"$(inherited)",
				);
				GCC_WARN_64_TO_32_BIT_CONVERSION = YES;
				GCC_WARN_ABOUT_RETURN_TYPE = YES_ERROR;
				GCC_WARN_UNDECLARED_SELECTOR = YES;
				GCC_WARN_UNINITIALIZED_AUTOS = YES_AGGRESSIVE;
				GCC_WARN_UNUSED_FUNCTION = YES;
				GCC_WARN_UNUSED_VARIABLE = YES;
				IPHONEOS_DEPLOYMENT_TARGET = 17.0;
				LOCALIZATION_PREFERS_STRING_CATALOGS = YES;
				MTL_ENABLE_DEBUG_INFO = INCLUDE_SOURCE;
				MTL_FAST_MATH = YES;
				ONLY_ACTIVE_ARCH = YES;
				SDKROOT = iphoneos;
				SWIFT_ACTIVE_COMPILATION_CONDITIONS = "DEBUG $(inherited)";
				SWIFT_OPTIMIZATION_LEVEL = "-Onone";
			};
			name = Debug;
		};
		04F335A82AE6CFB700162FE7 /* Release */ = {
			isa = XCBuildConfiguration;
			buildSettings = {
				ALWAYS_SEARCH_USER_PATHS = NO;
				ASSETCATALOG_COMPILER_GENERATE_SWIFT_ASSET_SYMBOL_EXTENSIONS = YES;
				CLANG_ANALYZER_NONNULL = YES;
				CLANG_ANALYZER_NUMBER_OBJECT_CONVERSION = YES_AGGRESSIVE;
				CLANG_CXX_LANGUAGE_STANDARD = "gnu++20";
				CLANG_ENABLE_MODULES = YES;
				CLANG_ENABLE_OBJC_ARC = YES;
				CLANG_ENABLE_OBJC_WEAK = YES;
				CLANG_WARN_BLOCK_CAPTURE_AUTORELEASING = YES;
				CLANG_WARN_BOOL_CONVERSION = YES;
				CLANG_WARN_COMMA = YES;
				CLANG_WARN_CONSTANT_CONVERSION = YES;
				CLANG_WARN_DEPRECATED_OBJC_IMPLEMENTATIONS = YES;
				CLANG_WARN_DIRECT_OBJC_ISA_USAGE = YES_ERROR;
				CLANG_WARN_DOCUMENTATION_COMMENTS = YES;
				CLANG_WARN_EMPTY_BODY = YES;
				CLANG_WARN_ENUM_CONVERSION = YES;
				CLANG_WARN_INFINITE_RECURSION = YES;
				CLANG_WARN_INT_CONVERSION = YES;
				CLANG_WARN_NON_LITERAL_NULL_CONVERSION = YES;
				CLANG_WARN_OBJC_IMPLICIT_RETAIN_SELF = YES;
				CLANG_WARN_OBJC_LITERAL_CONVERSION = YES;
				CLANG_WARN_OBJC_ROOT_CLASS = YES_ERROR;
				CLANG_WARN_QUOTED_INCLUDE_IN_FRAMEWORK_HEADER = YES;
				CLANG_WARN_RANGE_LOOP_ANALYSIS = YES;
				CLANG_WARN_STRICT_PROTOTYPES = YES;
				CLANG_WARN_SUSPICIOUS_MOVE = YES;
				CLANG_WARN_UNGUARDED_AVAILABILITY = YES_AGGRESSIVE;
				CLANG_WARN_UNREACHABLE_CODE = YES;
				CLANG_WARN__DUPLICATE_METHOD_MATCH = YES;
				COPY_PHASE_STRIP = NO;
				DEBUG_INFORMATION_FORMAT = "dwarf-with-dsym";
				ENABLE_NS_ASSERTIONS = NO;
				ENABLE_STRICT_OBJC_MSGSEND = YES;
				ENABLE_USER_SCRIPT_SANDBOXING = YES;
				GCC_C_LANGUAGE_STANDARD = gnu17;
				GCC_NO_COMMON_BLOCKS = YES;
				GCC_WARN_64_TO_32_BIT_CONVERSION = YES;
				GCC_WARN_ABOUT_RETURN_TYPE = YES_ERROR;
				GCC_WARN_UNDECLARED_SELECTOR = YES;
				GCC_WARN_UNINITIALIZED_AUTOS = YES_AGGRESSIVE;
				GCC_WARN_UNUSED_FUNCTION = YES;
				GCC_WARN_UNUSED_VARIABLE = YES;
				IPHONEOS_DEPLOYMENT_TARGET = 17.0;
				LOCALIZATION_PREFERS_STRING_CATALOGS = YES;
				MTL_ENABLE_DEBUG_INFO = NO;
				MTL_FAST_MATH = YES;
				SDKROOT = iphoneos;
				SWIFT_COMPILATION_MODE = wholemodule;
				VALIDATE_PRODUCT = YES;
			};
			name = Release;
		};
		04F335AA2AE6CFB700162FE7 /* Debug */ = {
			isa = XCBuildConfiguration;
			buildSettings = {
				ASSETCATALOG_COMPILER_APPICON_NAME = AppIcon;
				ASSETCATALOG_COMPILER_GLOBAL_ACCENT_COLOR_NAME = AccentColor;
				CODE_SIGN_STYLE = Automatic;
				CURRENT_PROJECT_VERSION = 1;
				DEVELOPMENT_ASSET_PATHS = "\"SwiftUI-wearher/Preview Content\"";
				DEVELOPMENT_TEAM = QGM7999C9H;
				ENABLE_PREVIEWS = YES;
				GENERATE_INFOPLIST_FILE = YES;
				INFOPLIST_KEY_UIApplicationSceneManifest_Generation = YES;
				INFOPLIST_KEY_UIApplicationSupportsIndirectInputEvents = YES;
				INFOPLIST_KEY_UILaunchScreen_Generation = YES;
				INFOPLIST_KEY_UISupportedInterfaceOrientations_iPad = "UIInterfaceOrientationPortrait UIInterfaceOrientationPortraitUpsideDown UIInterfaceOrientationLandscapeLeft UIInterfaceOrientationLandscapeRight";
				INFOPLIST_KEY_UISupportedInterfaceOrientations_iPhone = "UIInterfaceOrientationPortrait UIInterfaceOrientationLandscapeLeft UIInterfaceOrientationLandscapeRight";
				LD_RUNPATH_SEARCH_PATHS = (
					"$(inherited)",
					"@executable_path/Frameworks",
				);
				MARKETING_VERSION = 1.0;
				PRODUCT_BUNDLE_IDENTIFIER = "Haidarov.SwiftUI-wearher";
				PRODUCT_NAME = "$(TARGET_NAME)";
				SWIFT_EMIT_LOC_STRINGS = YES;
				SWIFT_VERSION = 5.0;
				TARGETED_DEVICE_FAMILY = "1,2";
			};
			name = Debug;
		};
		04F335AB2AE6CFB700162FE7 /* Release */ = {
			isa = XCBuildConfiguration;
			buildSettings = {
				ASSETCATALOG_COMPILER_APPICON_NAME = AppIcon;
				ASSETCATALOG_COMPILER_GLOBAL_ACCENT_COLOR_NAME = AccentColor;
				CODE_SIGN_STYLE = Automatic;
				CURRENT_PROJECT_VERSION = 1;
				DEVELOPMENT_ASSET_PATHS = "\"SwiftUI-wearher/Preview Content\"";
				DEVELOPMENT_TEAM = QGM7999C9H;
				ENABLE_PREVIEWS = YES;
				GENERATE_INFOPLIST_FILE = YES;
				INFOPLIST_KEY_UIApplicationSceneManifest_Generation = YES;
				INFOPLIST_KEY_UIApplicationSupportsIndirectInputEvents = YES;
				INFOPLIST_KEY_UILaunchScreen_Generation = YES;
				INFOPLIST_KEY_UISupportedInterfaceOrientations_iPad = "UIInterfaceOrientationPortrait UIInterfaceOrientationPortraitUpsideDown UIInterfaceOrientationLandscapeLeft UIInterfaceOrientationLandscapeRight";
				INFOPLIST_KEY_UISupportedInterfaceOrientations_iPhone = "UIInterfaceOrientationPortrait UIInterfaceOrientationLandscapeLeft UIInterfaceOrientationLandscapeRight";
				LD_RUNPATH_SEARCH_PATHS = (
					"$(inherited)",
					"@executable_path/Frameworks",
				);
				MARKETING_VERSION = 1.0;
				PRODUCT_BUNDLE_IDENTIFIER = "Haidarov.SwiftUI-wearher";
				PRODUCT_NAME = "$(TARGET_NAME)";
				SWIFT_EMIT_LOC_STRINGS = YES;
				SWIFT_VERSION = 5.0;
				TARGETED_DEVICE_FAMILY = "1,2";
			};
			name = Release;
		};
		04F335AD2AE6CFB700162FE7 /* Debug */ = {
			isa = XCBuildConfiguration;
			buildSettings = {
				ALWAYS_EMBED_SWIFT_STANDARD_LIBRARIES = YES;
				BUNDLE_LOADER = "$(TEST_HOST)";
				CODE_SIGN_STYLE = Automatic;
				CURRENT_PROJECT_VERSION = 1;
				DEVELOPMENT_TEAM = QGM7999C9H;
				GENERATE_INFOPLIST_FILE = YES;
				IPHONEOS_DEPLOYMENT_TARGET = 17.0;
				MARKETING_VERSION = 1.0;
				PRODUCT_BUNDLE_IDENTIFIER = "Haidarov.SwiftUI-wearherTests";
				PRODUCT_NAME = "$(TARGET_NAME)";
				SWIFT_EMIT_LOC_STRINGS = NO;
				SWIFT_VERSION = 5.0;
				TARGETED_DEVICE_FAMILY = "1,2";
				TEST_HOST = "$(BUILT_PRODUCTS_DIR)/SwiftUI-wearher.app/$(BUNDLE_EXECUTABLE_FOLDER_PATH)/SwiftUI-wearher";
			};
			name = Debug;
		};
		04F335AE2AE6CFB700162FE7 /* Release */ = {
			isa = XCBuildConfiguration;
			buildSettings = {
				ALWAYS_EMBED_SWIFT_STANDARD_LIBRARIES = YES;
				BUNDLE_LOADER = "$(TEST_HOST)";
				CODE_SIGN_STYLE = Automatic;
				CURRENT_PROJECT_VERSION = 1;
				DEVELOPMENT_TEAM = QGM7999C9H;
				GENERATE_INFOPLIST_FILE = YES;
				IPHONEOS_DEPLOYMENT_TARGET = 17.0;
				MARKETING_VERSION = 1.0;
				PRODUCT_BUNDLE_IDENTIFIER = "Haidarov.SwiftUI-wearherTests";
				PRODUCT_NAME = "$(TARGET_NAME)";
				SWIFT_EMIT_LOC_STRINGS = NO;
				SWIFT_VERSION = 5.0;
				TARGETED_DEVICE_FAMILY = "1,2";
				TEST_HOST = "$(BUILT_PRODUCTS_DIR)/SwiftUI-wearher.app/$(BUNDLE_EXECUTABLE_FOLDER_PATH)/SwiftUI-wearher";
			};
			name = Release;
		};
		04F335B02AE6CFB700162FE7 /* Debug */ = {
			isa = XCBuildConfiguration;
			buildSettings = {
				ALWAYS_EMBED_SWIFT_STANDARD_LIBRARIES = YES;
				CODE_SIGN_STYLE = Automatic;
				CURRENT_PROJECT_VERSION = 1;
				DEVELOPMENT_TEAM = QGM7999C9H;
				GENERATE_INFOPLIST_FILE = YES;
				MARKETING_VERSION = 1.0;
				PRODUCT_BUNDLE_IDENTIFIER = "Haidarov.SwiftUI-wearherUITests";
				PRODUCT_NAME = "$(TARGET_NAME)";
				SWIFT_EMIT_LOC_STRINGS = NO;
				SWIFT_VERSION = 5.0;
				TARGETED_DEVICE_FAMILY = "1,2";
				TEST_TARGET_NAME = "SwiftUI-wearher";
			};
			name = Debug;
		};
		04F335B12AE6CFB700162FE7 /* Release */ = {
			isa = XCBuildConfiguration;
			buildSettings = {
				ALWAYS_EMBED_SWIFT_STANDARD_LIBRARIES = YES;
				CODE_SIGN_STYLE = Automatic;
				CURRENT_PROJECT_VERSION = 1;
				DEVELOPMENT_TEAM = QGM7999C9H;
				GENERATE_INFOPLIST_FILE = YES;
				MARKETING_VERSION = 1.0;
				PRODUCT_BUNDLE_IDENTIFIER = "Haidarov.SwiftUI-wearherUITests";
				PRODUCT_NAME = "$(TARGET_NAME)";
				SWIFT_EMIT_LOC_STRINGS = NO;
				SWIFT_VERSION = 5.0;
				TARGETED_DEVICE_FAMILY = "1,2";
				TEST_TARGET_NAME = "SwiftUI-wearher";
			};
			name = Release;
		};
/* End XCBuildConfiguration section */

/* Begin XCConfigurationList section */
		04F335802AE6CFB600162FE7 /* Build configuration list for PBXProject "SwiftUI-wearher" */ = {
			isa = XCConfigurationList;
			buildConfigurations = (
				04F335A72AE6CFB700162FE7 /* Debug */,
				04F335A82AE6CFB700162FE7 /* Release */,
			);
			defaultConfigurationIsVisible = 0;
			defaultConfigurationName = Release;
		};
		04F335A92AE6CFB700162FE7 /* Build configuration list for PBXNativeTarget "SwiftUI-wearher" */ = {
			isa = XCConfigurationList;
			buildConfigurations = (
				04F335AA2AE6CFB700162FE7 /* Debug */,
				04F335AB2AE6CFB700162FE7 /* Release */,
			);
			defaultConfigurationIsVisible = 0;
			defaultConfigurationName = Release;
		};
		04F335AC2AE6CFB700162FE7 /* Build configuration list for PBXNativeTarget "SwiftUI-wearherTests" */ = {
			isa = XCConfigurationList;
			buildConfigurations = (
				04F335AD2AE6CFB700162FE7 /* Debug */,
				04F335AE2AE6CFB700162FE7 /* Release */,
			);
			defaultConfigurationIsVisible = 0;
			defaultConfigurationName = Release;
		};
		04F335AF2AE6CFB700162FE7 /* Build configuration list for PBXNativeTarget "SwiftUI-wearherUITests" */ = {
			isa = XCConfigurationList;
			buildConfigurations = (
				04F335B02AE6CFB700162FE7 /* Debug */,
				04F335B12AE6CFB700162FE7 /* Release */,
			);
			defaultConfigurationIsVisible = 0;
			defaultConfigurationName = Release;
		};
/* End XCConfigurationList section */
	};
	rootObject = 04F3357D2AE6CFB600162FE7 /* Project object */;
}
